// !$*UTF8*$!
{
	archiveVersion = 1;
	classes = {
	};
	objectVersion = 50;
	objects = {

/* Begin PBXBuildFile section */
		5629BB7B24ADF016004793CD /* AppDelegate.swift in Sources */ = {isa = PBXBuildFile; fileRef = 5629BB7A24ADF016004793CD /* AppDelegate.swift */; };
		5629BB7D24ADF016004793CD /* SceneDelegate.swift in Sources */ = {isa = PBXBuildFile; fileRef = 5629BB7C24ADF016004793CD /* SceneDelegate.swift */; };
		5629BB7F24ADF016004793CD /* ContentView.swift in Sources */ = {isa = PBXBuildFile; fileRef = 5629BB7E24ADF016004793CD /* ContentView.swift */; };
		5629BB8124ADF018004793CD /* Assets.xcassets in Resources */ = {isa = PBXBuildFile; fileRef = 5629BB8024ADF018004793CD /* Assets.xcassets */; };
		5629BB8424ADF018004793CD /* Preview Assets.xcassets in Resources */ = {isa = PBXBuildFile; fileRef = 5629BB8324ADF018004793CD /* Preview Assets.xcassets */; };
		5629BB8724ADF018004793CD /* LaunchScreen.storyboard in Resources */ = {isa = PBXBuildFile; fileRef = 5629BB8524ADF018004793CD /* LaunchScreen.storyboard */; };
		5629BB8F24ADF13A004793CD /* OnboardingView.swift in Sources */ = {isa = PBXBuildFile; fileRef = 5629BB8E24ADF13A004793CD /* OnboardingView.swift */; };
		5629BB9124ADF15D004793CD /* LaunchView.swift in Sources */ = {isa = PBXBuildFile; fileRef = 5629BB9024ADF15D004793CD /* LaunchView.swift */; };
/* End PBXBuildFile section */

/* Begin PBXFileReference section */
		5629BB7724ADF016004793CD /* Onboarding.app */ = {isa = PBXFileReference; explicitFileType = wrapper.application; includeInIndex = 0; path = Onboarding.app; sourceTree = BUILT_PRODUCTS_DIR; };
		5629BB7A24ADF016004793CD /* AppDelegate.swift */ = {isa = PBXFileReference; lastKnownFileType = sourcecode.swift; path = AppDelegate.swift; sourceTree = "<group>"; };
		5629BB7C24ADF016004793CD /* SceneDelegate.swift */ = {isa = PBXFileReference; lastKnownFileType = sourcecode.swift; path = SceneDelegate.swift; sourceTree = "<group>"; };
		5629BB7E24ADF016004793CD /* ContentView.swift */ = {isa = PBXFileReference; lastKnownFileType = sourcecode.swift; path = ContentView.swift; sourceTree = "<group>"; };
		5629BB8024ADF018004793CD /* Assets.xcassets */ = {isa = PBXFileReference; lastKnownFileType = folder.assetcatalog; path = Assets.xcassets; sourceTree = "<group>"; };
		5629BB8324ADF018004793CD /* Preview Assets.xcassets */ = {isa = PBXFileReference; lastKnownFileType = folder.assetcatalog; path = "Preview Assets.xcassets"; sourceTree = "<group>"; };
		5629BB8624ADF018004793CD /* Base */ = {isa = PBXFileReference; lastKnownFileType = file.storyboard; name = Base; path = Base.lproj/LaunchScreen.storyboard; sourceTree = "<group>"; };
		5629BB8824ADF018004793CD /* Info.plist */ = {isa = PBXFileReference; lastKnownFileType = text.plist.xml; path = Info.plist; sourceTree = "<group>"; };
		5629BB8E24ADF13A004793CD /* OnboardingView.swift */ = {isa = PBXFileReference; lastKnownFileType = sourcecode.swift; path = OnboardingView.swift; sourceTree = "<group>"; };
		5629BB9024ADF15D004793CD /* LaunchView.swift */ = {isa = PBXFileReference; lastKnownFileType = sourcecode.swift; path = LaunchView.swift; sourceTree = "<group>"; };
/* End PBXFileReference section */

/* Begin PBXFrameworksBuildPhase section */
		5629BB7424ADF016004793CD /* Frameworks */ = {
			isa = PBXFrameworksBuildPhase;
			buildActionMask = 2147483647;
			files = (
			);
			runOnlyForDeploymentPostprocessing = 0;
		};
/* End PBXFrameworksBuildPhase section */

/* Begin PBXGroup section */
		5629BB6E24ADF016004793CD = {
			isa = PBXGroup;
			children = (
				5629BB7924ADF016004793CD /* Onboarding */,
				5629BB7824ADF016004793CD /* Products */,
			);
			sourceTree = "<group>";
		};
		5629BB7824ADF016004793CD /* Products */ = {
			isa = PBXGroup;
			children = (
				5629BB7724ADF016004793CD /* Onboarding.app */,
			);
			name = Products;
			sourceTree = "<group>";
		};
		5629BB7924ADF016004793CD /* Onboarding */ = {
			isa = PBXGroup;
			children = (
				5629BB7A24ADF016004793CD /* AppDelegate.swift */,
				5629BB7C24ADF016004793CD /* SceneDelegate.swift */,
				5629BB9024ADF15D004793CD /* LaunchView.swift */,
				5629BB7E24ADF016004793CD /* ContentView.swift */,
				5629BB8E24ADF13A004793CD /* OnboardingView.swift */,
				5629BB8024ADF018004793CD /* Assets.xcassets */,
				5629BB8524ADF018004793CD /* LaunchScreen.storyboard */,
				5629BB8824ADF018004793CD /* Info.plist */,
				5629BB8224ADF018004793CD /* Preview Content */,
			);
			path = Onboarding;
			sourceTree = "<group>";
		};
		5629BB8224ADF018004793CD /* Preview Content */ = {
			isa = PBXGroup;
			children = (
				5629BB8324ADF018004793CD /* Preview Assets.xcassets */,
			);
			path = "Preview Content";
			sourceTree = "<group>";
		};
/* End PBXGroup section */

/* Begin PBXNativeTarget section */
		5629BB7624ADF016004793CD /* Onboarding */ = {
			isa = PBXNativeTarget;
			buildConfigurationList = 5629BB8B24ADF018004793CD /* Build configuration list for PBXNativeTarget "Onboarding" */;
			buildPhases = (
				5629BB7324ADF016004793CD /* Sources */,
				5629BB7424ADF016004793CD /* Frameworks */,
				5629BB7524ADF016004793CD /* Resources */,
			);
			buildRules = (
			);
			dependencies = (
			);
			name = Onboarding;
			productName = Onboarding;
			productReference = 5629BB7724ADF016004793CD /* Onboarding.app */;
			productType = "com.apple.product-type.application";
		};
/* End PBXNativeTarget section */

/* Begin PBXProject section */
		5629BB6F24ADF016004793CD /* Project object */ = {
			isa = PBXProject;
			attributes = {
				LastSwiftUpdateCheck = 1140;
				LastUpgradeCheck = 1140;
				ORGANIZATIONNAME = "Clement Levoux";
				TargetAttributes = {
					5629BB7624ADF016004793CD = {
						CreatedOnToolsVersion = 11.4;
					};
				};
			};
			buildConfigurationList = 5629BB7224ADF016004793CD /* Build configuration list for PBXProject "Onboarding" */;
			compatibilityVersion = "Xcode 9.3";
			developmentRegion = en;
			hasScannedForEncodings = 0;
			knownRegions = (
				en,
				Base,
			);
			mainGroup = 5629BB6E24ADF016004793CD;
			productRefGroup = 5629BB7824ADF016004793CD /* Products */;
			projectDirPath = "";
			projectRoot = "";
			targets = (
				5629BB7624ADF016004793CD /* Onboarding */,
			);
		};
/* End PBXProject section */

/* Begin PBXResourcesBuildPhase section */
		5629BB7524ADF016004793CD /* Resources */ = {
			isa = PBXResourcesBuildPhase;
			buildActionMask = 2147483647;
			files = (
				5629BB8724ADF018004793CD /* LaunchScreen.storyboard in Resources */,
				5629BB8424ADF018004793CD /* Preview Assets.xcassets in Resources */,
				5629BB8124ADF018004793CD /* Assets.xcassets in Resources */,
			);
			runOnlyForDeploymentPostprocessing = 0;
		};
/* End PBXResourcesBuildPhase section */

/* Begin PBXSourcesBuildPhase section */
		5629BB7324ADF016004793CD /* Sources */ = {
			isa = PBXSourcesBuildPhase;
			buildActionMask = 2147483647;
			files = (
				5629BB7B24ADF016004793CD /* AppDelegate.swift in Sources */,
				5629BB9124ADF15D004793CD /* LaunchView.swift in Sources */,
				5629BB8F24ADF13A004793CD /* OnboardingView.swift in Sources */,
				5629BB7D24ADF016004793CD /* SceneDelegate.swift in Sources */,
				5629BB7F24ADF016004793CD /* ContentView.swift in Sources */,
			);
			runOnlyForDeploymentPostprocessing = 0;
		};
/* End PBXSourcesBuildPhase section */

/* Begin PBXVariantGroup section */
		5629BB8524ADF018004793CD /* LaunchScreen.storyboard */ = {
			isa = PBXVariantGroup;
			children = (
				5629BB8624ADF018004793CD /* Base */,
			);
			name = LaunchScreen.storyboard;
			sourceTree = "<group>";
		};
/* End PBXVariantGroup section */

/* Begin XCBuildConfiguration section */
		5629BB8924ADF018004793CD /* Debug */ = {
			isa = XCBuildConfiguration;
			buildSettings = {
				ALWAYS_SEARCH_USER_PATHS = NO;
				CLANG_ANALYZER_NONNULL = YES;
				CLANG_ANALYZER_NUMBER_OBJECT_CONVERSION = YES_AGGRESSIVE;
				CLANG_CXX_LANGUAGE_STANDARD = "gnu++14";
				CLANG_CXX_LIBRARY = "libc++";
				CLANG_ENABLE_MODULES = YES;
				CLANG_ENABLE_OBJC_ARC = YES;
				CLANG_ENABLE_OBJC_WEAK = YES;
				CLANG_WARN_BLOCK_CAPTURE_AUTORELEASING = YES;
				CLANG_WARN_BOOL_CONVERSION = YES;
				CLANG_WARN_COMMA = YES;
				CLANG_WARN_CONSTANT_CONVERSION = YES;
				CLANG_WARN_DEPRECATED_OBJC_IMPLEMENTATIONS = YES;
				CLANG_WARN_DIRECT_OBJC_ISA_USAGE = YES_ERROR;
				CLANG_WARN_DOCUMENTATION_COMMENTS = YES;
				CLANG_WARN_EMPTY_BODY = YES;
				CLANG_WARN_ENUM_CONVERSION = YES;
				CLANG_WARN_INFINITE_RECURSION = YES;
				CLANG_WARN_INT_CONVERSION = YES;
				CLANG_WARN_NON_LITERAL_NULL_CONVERSION = YES;
				CLANG_WARN_OBJC_IMPLICIT_RETAIN_SELF = YES;
				CLANG_WARN_OBJC_LITERAL_CONVERSION = YES;
				CLANG_WARN_OBJC_ROOT_CLASS = YES_ERROR;
				CLANG_WARN_RANGE_LOOP_ANALYSIS = YES;
				CLANG_WARN_STRICT_PROTOTYPES = YES;
				CLANG_WARN_SUSPICIOUS_MOVE = YES;
				CLANG_WARN_UNGUARDED_AVAILABILITY = YES_AGGRESSIVE;
				CLANG_WARN_UNREACHABLE_CODE = YES;
				CLANG_WARN__DUPLICATE_METHOD_MATCH = YES;
				COPY_PHASE_STRIP = NO;
				DEBUG_INFORMATION_FORMAT = dwarf;
				ENABLE_STRICT_OBJC_MSGSEND = YES;
				ENABLE_TESTABILITY = YES;
				GCC_C_LANGUAGE_STANDARD = gnu11;
				GCC_DYNAMIC_NO_PIC = NO;
				GCC_NO_COMMON_BLOCKS = YES;
				GCC_OPTIMIZATION_LEVEL = 0;
				GCC_PREPROCESSOR_DEFINITIONS = (
					"DEBUG=1",
					"$(inherited)",
				);
				GCC_WARN_64_TO_32_BIT_CONVERSION = YES;
				GCC_WARN_ABOUT_RETURN_TYPE = YES_ERROR;
				GCC_WARN_UNDECLARED_SELECTOR = YES;
				GCC_WARN_UNINITIALIZED_AUTOS = YES_AGGRESSIVE;
				GCC_WARN_UNUSED_FUNCTION = YES;
				GCC_WARN_UNUSED_VARIABLE = YES;
				IPHONEOS_DEPLOYMENT_TARGET = 13.4;
				MTL_ENABLE_DEBUG_INFO = INCLUDE_SOURCE;
				MTL_FAST_MATH = YES;
				ONLY_ACTIVE_ARCH = YES;
				SDKROOT = iphoneos;
				SWIFT_ACTIVE_COMPILATION_CONDITIONS = DEBUG;
				SWIFT_OPTIMIZATION_LEVEL = "-Onone";
			};
			name = Debug;
		};
		5629BB8A24ADF018004793CD /* Release */ = {
			isa = XCBuildConfiguration;
			buildSettings = {
				ALWAYS_SEARCH_USER_PATHS = NO;
				CLANG_ANALYZER_NONNULL = YES;
				CLANG_ANALYZER_NUMBER_OBJECT_CONVERSION = YES_AGGRESSIVE;
				CLANG_CXX_LANGUAGE_STANDARD = "gnu++14";
				CLANG_CXX_LIBRARY = "libc++";
				CLANG_ENABLE_MODULES = YES;
				CLANG_ENABLE_OBJC_ARC = YES;
				CLANG_ENABLE_OBJC_WEAK = YES;
				CLANG_WARN_BLOCK_CAPTURE_AUTORELEASING = YES;
				CLANG_WARN_BOOL_CONVERSION = YES;
				CLANG_WARN_COMMA = YES;
				CLANG_WARN_CONSTANT_CONVERSION = YES;
				CLANG_WARN_DEPRECATED_OBJC_IMPLEMENTATIONS = YES;
				CLANG_WARN_DIRECT_OBJC_ISA_USAGE = YES_ERROR;
				CLANG_WARN_DOCUMENTATION_COMMENTS = YES;
				CLANG_WARN_EMPTY_BODY = YES;
				CLANG_WARN_ENUM_CONVERSION = YES;
				CLANG_WARN_INFINITE_RECURSION = YES;
				CLANG_WARN_INT_CONVERSION = YES;
				CLANG_WARN_NON_LITERAL_NULL_CONVERSION = YES;
				CLANG_WARN_OBJC_IMPLICIT_RETAIN_SELF = YES;
				CLANG_WARN_OBJC_LITERAL_CONVERSION = YES;
				CLANG_WARN_OBJC_ROOT_CLASS = YES_ERROR;
				CLANG_WARN_RANGE_LOOP_ANALYSIS = YES;
				CLANG_WARN_STRICT_PROTOTYPES = YES;
				CLANG_WARN_SUSPICIOUS_MOVE = YES;
				CLANG_WARN_UNGUARDED_AVAILABILITY = YES_AGGRESSIVE;
				CLANG_WARN_UNREACHABLE_CODE = YES;
				CLANG_WARN__DUPLICATE_METHOD_MATCH = YES;
				COPY_PHASE_STRIP = NO;
				DEBUG_INFORMATION_FORMAT = "dwarf-with-dsym";
				ENABLE_NS_ASSERTIONS = NO;
				ENABLE_STRICT_OBJC_MSGSEND = YES;
				GCC_C_LANGUAGE_STANDARD = gnu11;
				GCC_NO_COMMON_BLOCKS = YES;
				GCC_WARN_64_TO_32_BIT_CONVERSION = YES;
				GCC_WARN_ABOUT_RETURN_TYPE = YES_ERROR;
				GCC_WARN_UNDECLARED_SELECTOR = YES;
				GCC_WARN_UNINITIALIZED_AUTOS = YES_AGGRESSIVE;
				GCC_WARN_UNUSED_FUNCTION = YES;
				GCC_WARN_UNUSED_VARIABLE = YES;
				IPHONEOS_DEPLOYMENT_TARGET = 13.4;
				MTL_ENABLE_DEBUG_INFO = NO;
				MTL_FAST_MATH = YES;
				SDKROOT = iphoneos;
				SWIFT_COMPILATION_MODE = wholemodule;
				SWIFT_OPTIMIZATION_LEVEL = "-O";
				VALIDATE_PRODUCT = YES;
			};
			name = Release;
		};
		5629BB8C24ADF018004793CD /* Debug */ = {
			isa = XCBuildConfiguration;
			buildSettings = {
				ASSETCATALOG_COMPILER_APPICON_NAME = AppIcon;
				CODE_SIGN_STYLE = Automatic;
				DEVELOPMENT_ASSET_PATHS = "\"Onboarding/Preview Content\"";
				ENABLE_PREVIEWS = YES;
				INFOPLIST_FILE = Onboarding/Info.plist;
				LD_RUNPATH_SEARCH_PATHS = (
					"$(inherited)",
					"@executable_path/Frameworks",
				);
				PRODUCT_BUNDLE_IDENTIFIER = clementlvx.Onboarding;
				PRODUCT_NAME = "$(TARGET_NAME)";
				SWIFT_VERSION = 5.0;
				TARGETED_DEVICE_FAMILY = "1,2";
			};
			name = Debug;
		};
		5629BB8D24ADF018004793CD /* Release */ = {
			isa = XCBuildConfiguration;
			buildSettings = {
				ASSETCATALOG_COMPILER_APPICON_NAME = AppIcon;
				CODE_SIGN_STYLE = Automatic;
				DEVELOPMENT_ASSET_PATHS = "\"Onboarding/Preview Content\"";
				ENABLE_PREVIEWS = YES;
				INFOPLIST_FILE = Onboarding/Info.plist;
				LD_RUNPATH_SEARCH_PATHS = (
					"$(inherited)",
					"@executable_path/Frameworks",
				);
				PRODUCT_BUNDLE_IDENTIFIER = clementlvx.Onboarding;
				PRODUCT_NAME = "$(TARGET_NAME)";
				SWIFT_VERSION = 5.0;
				TARGETED_DEVICE_FAMILY = "1,2";
			};
			name = Release;
		};
/* End XCBuildConfiguration section */

/* Begin XCConfigurationList section */
		5629BB7224ADF016004793CD /* Build configuration list for PBXProject "Onboarding" */ = {
			isa = XCConfigurationList;
			buildConfigurations = (
				5629BB8924ADF018004793CD /* Debug */,
				5629BB8A24ADF018004793CD /* Release */,
			);
			defaultConfigurationIsVisible = 0;
			defaultConfigurationName = Release;
		};
		5629BB8B24ADF018004793CD /* Build configuration list for PBXNativeTarget "Onboarding" */ = {
			isa = XCConfigurationList;
			buildConfigurations = (
				5629BB8C24ADF018004793CD /* Debug */,
				5629BB8D24ADF018004793CD /* Release */,
			);
			defaultConfigurationIsVisible = 0;
			defaultConfigurationName = Release;
		};
/* End XCConfigurationList section */
	};
	rootObject = 5629BB6F24ADF016004793CD /* Project object */;
}
